# Generated by pub
# See https://dart.dev/tools/pub/glossary#lockfile
packages:
  dependency1:
    dependency: "direct main"
    description:
      name: dependency1
      sha256: "aaf6da266a27a4538a69295ec142cb5717d7d4e5727b84658b63e1e1509bac9c"
      url: "https://pub.dev"
    source: hosted
    version: "1.0.0"
  dependency2:
    dependency: transitive
    description:
      name: dependency2
      sha256: "bbf6da266a27a4538a69295ec142cb5717d7d4e5727b84658b63e1e1509bac9c"
      url: "https://pub.dev"
    source: hosted
    version: "2.0.0"
  dependency3:
    dependency: "direct dev"
    description:
      name: dependency3
      sha256: "ccf6da266a27a4538a69295ec142cb5717d7d4e5727b84658b63e1e1509bac9c"
      url: "https://pub.dev"
    source: hosted
    version: "1.0.0"
  missing-version:
    dependency: "direct main"
    description:
      name: missing-version
      sha256: "ddf6da266a27a4538a69295ec142cb5717d7d4e5727b84658b63e1e1509bac9c"
      url: "https://pub.dev"
    source: hosted
